// !$*UTF8*$!
{
	archiveVersion = 1;
	classes = {
	};
	objectVersion = 50;
	objects = {

/* Begin PBXBuildFile section */
		FB7AB47F25B2819F00868B83 /* AppDelegate.swift in Sources */ = {isa = PBXBuildFile; fileRef = FB7AB47E25B2819F00868B83 /* AppDelegate.swift */; };
		FB7AB48125B2819F00868B83 /* SceneDelegate.swift in Sources */ = {isa = PBXBuildFile; fileRef = FB7AB48025B2819F00868B83 /* SceneDelegate.swift */; };
		FB7AB48625B2819F00868B83 /* Main.storyboard in Resources */ = {isa = PBXBuildFile; fileRef = FB7AB48425B2819F00868B83 /* Main.storyboard */; };
		FB7AB48825B281A000868B83 /* Assets.xcassets in Resources */ = {isa = PBXBuildFile; fileRef = FB7AB48725B281A000868B83 /* Assets.xcassets */; };
		FB7AB48B25B281A000868B83 /* LaunchScreen.storyboard in Resources */ = {isa = PBXBuildFile; fileRef = FB7AB48925B281A000868B83 /* LaunchScreen.storyboard */; };
		FB7AB49525B2835B00868B83 /* HomeViewController.swift in Sources */ = {isa = PBXBuildFile; fileRef = FB7AB49425B2835B00868B83 /* HomeViewController.swift */; };
		FB7AB49825B284C600868B83 /* ProfileViewController.swift in Sources */ = {isa = PBXBuildFile; fileRef = FB7AB49725B284C600868B83 /* ProfileViewController.swift */; };
/* End PBXBuildFile section */

/* Begin PBXFileReference section */
		FB7AB47B25B2819F00868B83 /* Sesion03-02.app */ = {isa = PBXFileReference; explicitFileType = wrapper.application; includeInIndex = 0; path = "Sesion03-02.app"; sourceTree = BUILT_PRODUCTS_DIR; };
		FB7AB47E25B2819F00868B83 /* AppDelegate.swift */ = {isa = PBXFileReference; lastKnownFileType = sourcecode.swift; path = AppDelegate.swift; sourceTree = "<group>"; };
		FB7AB48025B2819F00868B83 /* SceneDelegate.swift */ = {isa = PBXFileReference; lastKnownFileType = sourcecode.swift; path = SceneDelegate.swift; sourceTree = "<group>"; };
		FB7AB48525B2819F00868B83 /* Base */ = {isa = PBXFileReference; lastKnownFileType = file.storyboard; name = Base; path = Base.lproj/Main.storyboard; sourceTree = "<group>"; };
		FB7AB48725B281A000868B83 /* Assets.xcassets */ = {isa = PBXFileReference; lastKnownFileType = folder.assetcatalog; path = Assets.xcassets; sourceTree = "<group>"; };
		FB7AB48A25B281A000868B83 /* Base */ = {isa = PBXFileReference; lastKnownFileType = file.storyboard; name = Base; path = Base.lproj/LaunchScreen.storyboard; sourceTree = "<group>"; };
		FB7AB48C25B281A000868B83 /* Info.plist */ = {isa = PBXFileReference; lastKnownFileType = text.plist.xml; path = Info.plist; sourceTree = "<group>"; };
		FB7AB49425B2835B00868B83 /* HomeViewController.swift */ = {isa = PBXFileReference; lastKnownFileType = sourcecode.swift; path = HomeViewController.swift; sourceTree = "<group>"; };
		FB7AB49725B284C600868B83 /* ProfileViewController.swift */ = {isa = PBXFileReference; lastKnownFileType = sourcecode.swift; path = ProfileViewController.swift; sourceTree = "<group>"; };
/* End PBXFileReference section */

/* Begin PBXFrameworksBuildPhase section */
		FB7AB47825B2819F00868B83 /* Frameworks */ = {
			isa = PBXFrameworksBuildPhase;
			buildActionMask = 2147483647;
			files = (
			);
			runOnlyForDeploymentPostprocessing = 0;
		};
/* End PBXFrameworksBuildPhase section */

/* Begin PBXGroup section */
		FB7AB47225B2819F00868B83 = {
			isa = PBXGroup;
			children = (
				FB7AB47D25B2819F00868B83 /* Sesion03-02 */,
				FB7AB47C25B2819F00868B83 /* Products */,
			);
			sourceTree = "<group>";
		};
		FB7AB47C25B2819F00868B83 /* Products */ = {
			isa = PBXGroup;
			children = (
				FB7AB47B25B2819F00868B83 /* Sesion03-02.app */,
			);
			name = Products;
			sourceTree = "<group>";
		};
		FB7AB47D25B2819F00868B83 /* Sesion03-02 */ = {
			isa = PBXGroup;
			children = (
				FB7AB47E25B2819F00868B83 /* AppDelegate.swift */,
				FB7AB48025B2819F00868B83 /* SceneDelegate.swift */,
				FB7AB48425B2819F00868B83 /* Main.storyboard */,
				FB7AB48725B281A000868B83 /* Assets.xcassets */,
				FB7AB48925B281A000868B83 /* LaunchScreen.storyboard */,
				FB7AB48C25B281A000868B83 /* Info.plist */,
				FB7AB49425B2835B00868B83 /* HomeViewController.swift */,
				FB7AB49725B284C600868B83 /* ProfileViewController.swift */,
			);
			path = "Sesion03-02";
			sourceTree = "<group>";
		};
/* End PBXGroup section */

/* Begin PBXNativeTarget section */
		FB7AB47A25B2819F00868B83 /* Sesion03-02 */ = {
			isa = PBXNativeTarget;
			buildConfigurationList = FB7AB48F25B281A000868B83 /* Build configuration list for PBXNativeTarget "Sesion03-02" */;
			buildPhases = (
				FB7AB47725B2819F00868B83 /* Sources */,
				FB7AB47825B2819F00868B83 /* Frameworks */,
				FB7AB47925B2819F00868B83 /* Resources */,
			);
			buildRules = (
			);
			dependencies = (
			);
			name = "Sesion03-02";
			productName = "Sesion03-02";
			productReference = FB7AB47B25B2819F00868B83 /* Sesion03-02.app */;
			productType = "com.apple.product-type.application";
		};
/* End PBXNativeTarget section */

/* Begin PBXProject section */
		FB7AB47325B2819F00868B83 /* Project object */ = {
			isa = PBXProject;
			attributes = {
				LastSwiftUpdateCheck = 1200;
				LastUpgradeCheck = 1200;
				TargetAttributes = {
					FB7AB47A25B2819F00868B83 = {
						CreatedOnToolsVersion = 12.0;
					};
				};
			};
			buildConfigurationList = FB7AB47625B2819F00868B83 /* Build configuration list for PBXProject "Sesion03-02" */;
			compatibilityVersion = "Xcode 9.3";
			developmentRegion = en;
			hasScannedForEncodings = 0;
			knownRegions = (
				en,
				Base,
			);
			mainGroup = FB7AB47225B2819F00868B83;
			productRefGroup = FB7AB47C25B2819F00868B83 /* Products */;
			projectDirPath = "";
			projectRoot = "";
			targets = (
				FB7AB47A25B2819F00868B83 /* Sesion03-02 */,
			);
		};
/* End PBXProject section */

/* Begin PBXResourcesBuildPhase section */
		FB7AB47925B2819F00868B83 /* Resources */ = {
			isa = PBXResourcesBuildPhase;
			buildActionMask = 2147483647;
			files = (
				FB7AB48B25B281A000868B83 /* LaunchScreen.storyboard in Resources */,
				FB7AB48825B281A000868B83 /* Assets.xcassets in Resources */,
				FB7AB48625B2819F00868B83 /* Main.storyboard in Resources */,
			);
			runOnlyForDeploymentPostprocessing = 0;
		};
/* End PBXResourcesBuildPhase section */

/* Begin PBXSourcesBuildPhase section */
		FB7AB47725B2819F00868B83 /* Sources */ = {
			isa = PBXSourcesBuildPhase;
			buildActionMask = 2147483647;
			files = (
				FB7AB47F25B2819F00868B83 /* AppDelegate.swift in Sources */,
				FB7AB48125B2819F00868B83 /* SceneDelegate.swift in Sources */,
				FB7AB49825B284C600868B83 /* ProfileViewController.swift in Sources */,
				FB7AB49525B2835B00868B83 /* HomeViewController.swift in Sources */,
			);
			runOnlyForDeploymentPostprocessing = 0;
		};
/* End PBXSourcesBuildPhase section */

/* Begin PBXVariantGroup section */
		FB7AB48425B2819F00868B83 /* Main.storyboard */ = {
			isa = PBXVariantGroup;
			children = (
				FB7AB48525B2819F00868B83 /* Base */,
			);
			name = Main.storyboard;
			sourceTree = "<group>";
		};
		FB7AB48925B281A000868B83 /* LaunchScreen.storyboard */ = {
			isa = PBXVariantGroup;
			children = (
				FB7AB48A25B281A000868B83 /* Base */,
			);
			name = LaunchScreen.storyboard;
			sourceTree = "<group>";
		};
/* End PBXVariantGroup section */

/* Begin XCBuildConfiguration section */
		FB7AB48D25B281A000868B83 /* Debug */ = {
			isa = XCBuildConfiguration;
			buildSettings = {
				ALWAYS_SEARCH_USER_PATHS = NO;
				CLANG_ANALYZER_NONNULL = YES;
				CLANG_ANALYZER_NUMBER_OBJECT_CONVERSION = YES_AGGRESSIVE;
				CLANG_CXX_LANGUAGE_STANDARD = "gnu++14";
				CLANG_CXX_LIBRARY = "libc++";
				CLANG_ENABLE_MODULES = YES;
				CLANG_ENABLE_OBJC_ARC = YES;
				CLANG_ENABLE_OBJC_WEAK = YES;
				CLANG_WARN_BLOCK_CAPTURE_AUTORELEASING = YES;
				CLANG_WARN_BOOL_CONVERSION = YES;
				CLANG_WARN_COMMA = YES;
				CLANG_WARN_CONSTANT_CONVERSION = YES;
				CLANG_WARN_DEPRECATED_OBJC_IMPLEMENTATIONS = YES;
				CLANG_WARN_DIRECT_OBJC_ISA_USAGE = YES_ERROR;
				CLANG_WARN_DOCUMENTATION_COMMENTS = YES;
				CLANG_WARN_EMPTY_BODY = YES;
				CLANG_WARN_ENUM_CONVERSION = YES;
				CLANG_WARN_INFINITE_RECURSION = YES;
				CLANG_WARN_INT_CONVERSION = YES;
				CLANG_WARN_NON_LITERAL_NULL_CONVERSION = YES;
				CLANG_WARN_OBJC_IMPLICIT_RETAIN_SELF = YES;
				CLANG_WARN_OBJC_LITERAL_CONVERSION = YES;
				CLANG_WARN_OBJC_ROOT_CLASS = YES_ERROR;
				CLANG_WARN_QUOTED_INCLUDE_IN_FRAMEWORK_HEADER = YES;
				CLANG_WARN_RANGE_LOOP_ANALYSIS = YES;
				CLANG_WARN_STRICT_PROTOTYPES = YES;
				CLANG_WARN_SUSPICIOUS_MOVE = YES;
				CLANG_WARN_UNGUARDED_AVAILABILITY = YES_AGGRESSIVE;
				CLANG_WARN_UNREACHABLE_CODE = YES;
				CLANG_WARN__DUPLICATE_METHOD_MATCH = YES;
				COPY_PHASE_STRIP = NO;
				DEBUG_INFORMATION_FORMAT = dwarf;
				ENABLE_STRICT_OBJC_MSGSEND = YES;
				ENABLE_TESTABILITY = YES;
				GCC_C_LANGUAGE_STANDARD = gnu11;
				GCC_DYNAMIC_NO_PIC = NO;
				GCC_NO_COMMON_BLOCKS = YES;
				GCC_OPTIMIZATION_LEVEL = 0;
				GCC_PREPROCESSOR_DEFINITIONS = (
					"DEBUG=1",
					"$(inherited)",
				);
				GCC_WARN_64_TO_32_BIT_CONVERSION = YES;
				GCC_WARN_ABOUT_RETURN_TYPE = YES_ERROR;
				GCC_WARN_UNDECLARED_SELECTOR = YES;
				GCC_WARN_UNINITIALIZED_AUTOS = YES_AGGRESSIVE;
				GCC_WARN_UNUSED_FUNCTION = YES;
				GCC_WARN_UNUSED_VARIABLE = YES;
				IPHONEOS_DEPLOYMENT_TARGET = 14.0;
				MTL_ENABLE_DEBUG_INFO = INCLUDE_SOURCE;
				MTL_FAST_MATH = YES;
				ONLY_ACTIVE_ARCH = YES;
				SDKROOT = iphoneos;
				SWIFT_ACTIVE_COMPILATION_CONDITIONS = DEBUG;
				SWIFT_OPTIMIZATION_LEVEL = "-Onone";
			};
			name = Debug;
		};
		FB7AB48E25B281A000868B83 /* Release */ = {
			isa = XCBuildConfiguration;
			buildSettings = {
				ALWAYS_SEARCH_USER_PATHS = NO;
				CLANG_ANALYZER_NONNULL = YES;
				CLANG_ANALYZER_NUMBER_OBJECT_CONVERSION = YES_AGGRESSIVE;
				CLANG_CXX_LANGUAGE_STANDARD = "gnu++14";
				CLANG_CXX_LIBRARY = "libc++";
				CLANG_ENABLE_MODULES = YES;
				CLANG_ENABLE_OBJC_ARC = YES;
				CLANG_ENABLE_OBJC_WEAK = YES;
				CLANG_WARN_BLOCK_CAPTURE_AUTORELEASING = YES;
				CLANG_WARN_BOOL_CONVERSION = YES;
				CLANG_WARN_COMMA = YES;
				CLANG_WARN_CONSTANT_CONVERSION = YES;
				CLANG_WARN_DEPRECATED_OBJC_IMPLEMENTATIONS = YES;
				CLANG_WARN_DIRECT_OBJC_ISA_USAGE = YES_ERROR;
				CLANG_WARN_DOCUMENTATION_COMMENTS = YES;
				CLANG_WARN_EMPTY_BODY = YES;
				CLANG_WARN_ENUM_CONVERSION = YES;
				CLANG_WARN_INFINITE_RECURSION = YES;
				CLANG_WARN_INT_CONVERSION = YES;
				CLANG_WARN_NON_LITERAL_NULL_CONVERSION = YES;
				CLANG_WARN_OBJC_IMPLICIT_RETAIN_SELF = YES;
				CLANG_WARN_OBJC_LITERAL_CONVERSION = YES;
				CLANG_WARN_OBJC_ROOT_CLASS = YES_ERROR;
				CLANG_WARN_QUOTED_INCLUDE_IN_FRAMEWORK_HEADER = YES;
				CLANG_WARN_RANGE_LOOP_ANALYSIS = YES;
				CLANG_WARN_STRICT_PROTOTYPES = YES;
				CLANG_WARN_SUSPICIOUS_MOVE = YES;
				CLANG_WARN_UNGUARDED_AVAILABILITY = YES_AGGRESSIVE;
				CLANG_WARN_UNREACHABLE_CODE = YES;
				CLANG_WARN__DUPLICATE_METHOD_MATCH = YES;
				COPY_PHASE_STRIP = NO;
				DEBUG_INFORMATION_FORMAT = "dwarf-with-dsym";
				ENABLE_NS_ASSERTIONS = NO;
				ENABLE_STRICT_OBJC_MSGSEND = YES;
				GCC_C_LANGUAGE_STANDARD = gnu11;
				GCC_NO_COMMON_BLOCKS = YES;
				GCC_WARN_64_TO_32_BIT_CONVERSION = YES;
				GCC_WARN_ABOUT_RETURN_TYPE = YES_ERROR;
				GCC_WARN_UNDECLARED_SELECTOR = YES;
				GCC_WARN_UNINITIALIZED_AUTOS = YES_AGGRESSIVE;
				GCC_WARN_UNUSED_FUNCTION = YES;
				GCC_WARN_UNUSED_VARIABLE = YES;
				IPHONEOS_DEPLOYMENT_TARGET = 14.0;
				MTL_ENABLE_DEBUG_INFO = NO;
				MTL_FAST_MATH = YES;
				SDKROOT = iphoneos;
				SWIFT_COMPILATION_MODE = wholemodule;
				SWIFT_OPTIMIZATION_LEVEL = "-O";
				VALIDATE_PRODUCT = YES;
			};
			name = Release;
		};
		FB7AB49025B281A000868B83 /* Debug */ = {
			isa = XCBuildConfiguration;
			buildSettings = {
				ASSETCATALOG_COMPILER_APPICON_NAME = AppIcon;
				ASSETCATALOG_COMPILER_GLOBAL_ACCENT_COLOR_NAME = AccentColor;
				CODE_SIGN_STYLE = Automatic;
				INFOPLIST_FILE = "Sesion03-02/Info.plist";
				LD_RUNPATH_SEARCH_PATHS = (
					"$(inherited)",
					"@executable_path/Frameworks",
				);
				PRODUCT_BUNDLE_IDENTIFIER = "com.solera.Sesion03-02";
				PRODUCT_NAME = "$(TARGET_NAME)";
				SWIFT_VERSION = 5.0;
				TARGETED_DEVICE_FAMILY = "1,2";
			};
			name = Debug;
		};
		FB7AB49125B281A000868B83 /* Release */ = {
			isa = XCBuildConfiguration;
			buildSettings = {
				ASSETCATALOG_COMPILER_APPICON_NAME = AppIcon;
				ASSETCATALOG_COMPILER_GLOBAL_ACCENT_COLOR_NAME = AccentColor;
				CODE_SIGN_STYLE = Automatic;
				INFOPLIST_FILE = "Sesion03-02/Info.plist";
				LD_RUNPATH_SEARCH_PATHS = (
					"$(inherited)",
					"@executable_path/Frameworks",
				);
				PRODUCT_BUNDLE_IDENTIFIER = "com.solera.Sesion03-02";
				PRODUCT_NAME = "$(TARGET_NAME)";
				SWIFT_VERSION = 5.0;
				TARGETED_DEVICE_FAMILY = "1,2";
			};
			name = Release;
		};
/* End XCBuildConfiguration section */

/* Begin XCConfigurationList section */
		FB7AB47625B2819F00868B83 /* Build configuration list for PBXProject "Sesion03-02" */ = {
			isa = XCConfigurationList;
			buildConfigurations = (
				FB7AB48D25B281A000868B83 /* Debug */,
				FB7AB48E25B281A000868B83 /* Release */,
			);
			defaultConfigurationIsVisible = 0;
			defaultConfigurationName = Release;
		};
		FB7AB48F25B281A000868B83 /* Build configuration list for PBXNativeTarget "Sesion03-02" */ = {
			isa = XCConfigurationList;
			buildConfigurations = (
				FB7AB49025B281A000868B83 /* Debug */,
				FB7AB49125B281A000868B83 /* Release */,
			);
			defaultConfigurationIsVisible = 0;
			defaultConfigurationName = Release;
		};
/* End XCConfigurationList section */
	};
	rootObject = FB7AB47325B2819F00868B83 /* Project object */;
}
