// !$*UTF8*$!
{
	archiveVersion = 1;
	classes = {
	};
	objectVersion = 50;
	objects = {

/* Begin PBXBuildFile section */
		FBBC2C3A25E9D74A0034E933 /* MovieBE.swift in Sources */ = {isa = PBXBuildFile; fileRef = FBBC2C3925E9D74A0034E933 /* MovieBE.swift */; };
		FBBC2C3D25E9D9DC0034E933 /* MovieWS.swift in Sources */ = {isa = PBXBuildFile; fileRef = FBBC2C3C25E9D9DC0034E933 /* MovieWS.swift */; };
		FBBC2C4025E9DB6F0034E933 /* Closures.swift in Sources */ = {isa = PBXBuildFile; fileRef = FBBC2C3F25E9DB6F0034E933 /* Closures.swift */; };
		FBBC2C4325E9DCF40034E933 /* MovieBL.swift in Sources */ = {isa = PBXBuildFile; fileRef = FBBC2C4225E9DCF40034E933 /* MovieBL.swift */; };
		FBBC2C4725E9DDCE0034E933 /* MoviesViewController.swift in Sources */ = {isa = PBXBuildFile; fileRef = FBBC2C4625E9DDCE0034E933 /* MoviesViewController.swift */; };
		FBBC2C4A25E9DDE60034E933 /* MovieTableViewCell.swift in Sources */ = {isa = PBXBuildFile; fileRef = FBBC2C4925E9DDE60034E933 /* MovieTableViewCell.swift */; };
		FBBC2C4D25E9E02B0034E933 /* Movie.storyboard in Resources */ = {isa = PBXBuildFile; fileRef = FBBC2C4C25E9E02B0034E933 /* Movie.storyboard */; };
		FBEC45B225E09910006E467A /* AppDelegate.swift in Sources */ = {isa = PBXBuildFile; fileRef = FBEC45B125E09910006E467A /* AppDelegate.swift */; };
		FBEC45B425E09910006E467A /* SceneDelegate.swift in Sources */ = {isa = PBXBuildFile; fileRef = FBEC45B325E09910006E467A /* SceneDelegate.swift */; };
		FBEC45BB25E09914006E467A /* Assets.xcassets in Resources */ = {isa = PBXBuildFile; fileRef = FBEC45BA25E09914006E467A /* Assets.xcassets */; };
		FBEC45BE25E09914006E467A /* LaunchScreen.storyboard in Resources */ = {isa = PBXBuildFile; fileRef = FBEC45BC25E09914006E467A /* LaunchScreen.storyboard */; };
		FBEC45C725E0993A006E467A /* DateManager.swift in Sources */ = {isa = PBXBuildFile; fileRef = FBEC45C625E0993A006E467A /* DateManager.swift */; };
		FBEC45CA25E0A335006E467A /* ImageDownloader.swift in Sources */ = {isa = PBXBuildFile; fileRef = FBEC45C925E0A335006E467A /* ImageDownloader.swift */; };
		FBEE7EBC25E48C3F009CD288 /* WebServiceManager.swift in Sources */ = {isa = PBXBuildFile; fileRef = FBEE7EBB25E48C3F009CD288 /* WebServiceManager.swift */; };
/* End PBXBuildFile section */

/* Begin PBXFileReference section */
		FBBC2C3925E9D74A0034E933 /* MovieBE.swift */ = {isa = PBXFileReference; lastKnownFileType = sourcecode.swift; path = MovieBE.swift; sourceTree = "<group>"; };
		FBBC2C3C25E9D9DC0034E933 /* MovieWS.swift */ = {isa = PBXFileReference; lastKnownFileType = sourcecode.swift; path = MovieWS.swift; sourceTree = "<group>"; };
		FBBC2C3F25E9DB6F0034E933 /* Closures.swift */ = {isa = PBXFileReference; lastKnownFileType = sourcecode.swift; path = Closures.swift; sourceTree = "<group>"; };
		FBBC2C4225E9DCF40034E933 /* MovieBL.swift */ = {isa = PBXFileReference; lastKnownFileType = sourcecode.swift; path = MovieBL.swift; sourceTree = "<group>"; };
		FBBC2C4625E9DDCE0034E933 /* MoviesViewController.swift */ = {isa = PBXFileReference; lastKnownFileType = sourcecode.swift; path = MoviesViewController.swift; sourceTree = "<group>"; };
		FBBC2C4925E9DDE60034E933 /* MovieTableViewCell.swift */ = {isa = PBXFileReference; lastKnownFileType = sourcecode.swift; path = MovieTableViewCell.swift; sourceTree = "<group>"; };
		FBBC2C4C25E9E02B0034E933 /* Movie.storyboard */ = {isa = PBXFileReference; lastKnownFileType = file.storyboard; path = Movie.storyboard; sourceTree = "<group>"; };
		FBEC45AE25E09910006E467A /* Sesion14.app */ = {isa = PBXFileReference; explicitFileType = wrapper.application; includeInIndex = 0; path = Sesion14.app; sourceTree = BUILT_PRODUCTS_DIR; };
		FBEC45B125E09910006E467A /* AppDelegate.swift */ = {isa = PBXFileReference; lastKnownFileType = sourcecode.swift; path = AppDelegate.swift; sourceTree = "<group>"; };
		FBEC45B325E09910006E467A /* SceneDelegate.swift */ = {isa = PBXFileReference; lastKnownFileType = sourcecode.swift; path = SceneDelegate.swift; sourceTree = "<group>"; };
		FBEC45BA25E09914006E467A /* Assets.xcassets */ = {isa = PBXFileReference; lastKnownFileType = folder.assetcatalog; path = Assets.xcassets; sourceTree = "<group>"; };
		FBEC45BD25E09914006E467A /* Base */ = {isa = PBXFileReference; lastKnownFileType = file.storyboard; name = Base; path = Base.lproj/LaunchScreen.storyboard; sourceTree = "<group>"; };
		FBEC45BF25E09914006E467A /* Info.plist */ = {isa = PBXFileReference; lastKnownFileType = text.plist.xml; path = Info.plist; sourceTree = "<group>"; };
		FBEC45C625E0993A006E467A /* DateManager.swift */ = {isa = PBXFileReference; lastKnownFileType = sourcecode.swift; path = DateManager.swift; sourceTree = "<group>"; };
		FBEC45C925E0A335006E467A /* ImageDownloader.swift */ = {isa = PBXFileReference; lastKnownFileType = sourcecode.swift; path = ImageDownloader.swift; sourceTree = "<group>"; };
		FBEE7EBB25E48C3F009CD288 /* WebServiceManager.swift */ = {isa = PBXFileReference; lastKnownFileType = sourcecode.swift; path = WebServiceManager.swift; sourceTree = "<group>"; };
/* End PBXFileReference section */

/* Begin PBXFrameworksBuildPhase section */
		FBEC45AB25E09910006E467A /* Frameworks */ = {
			isa = PBXFrameworksBuildPhase;
			buildActionMask = 2147483647;
			files = (
			);
			runOnlyForDeploymentPostprocessing = 0;
		};
/* End PBXFrameworksBuildPhase section */

/* Begin PBXGroup section */
		FBBC2C3325E9D6DE0034E933 /* WS */ = {
			isa = PBXGroup;
			children = (
				FBBC2C3C25E9D9DC0034E933 /* MovieWS.swift */,
			);
			path = WS;
			sourceTree = "<group>";
		};
		FBBC2C3425E9D6E50034E933 /* BL */ = {
			isa = PBXGroup;
			children = (
				FBBC2C4225E9DCF40034E933 /* MovieBL.swift */,
			);
			path = BL;
			sourceTree = "<group>";
		};
		FBBC2C3525E9D6EC0034E933 /* BE */ = {
			isa = PBXGroup;
			children = (
				FBBC2C3925E9D74A0034E933 /* MovieBE.swift */,
			);
			path = BE;
			sourceTree = "<group>";
		};
		FBBC2C3625E9D6F20034E933 /* iPhone */ = {
			isa = PBXGroup;
			children = (
				FBBC2C3825E9D7010034E933 /* Views */,
				FBBC2C3725E9D6FA0034E933 /* Classes */,
			);
			path = iPhone;
			sourceTree = "<group>";
		};
		FBBC2C3725E9D6FA0034E933 /* Classes */ = {
			isa = PBXGroup;
			children = (
				FBBC2C4625E9DDCE0034E933 /* MoviesViewController.swift */,
				FBBC2C4925E9DDE60034E933 /* MovieTableViewCell.swift */,
			);
			path = Classes;
			sourceTree = "<group>";
		};
		FBBC2C3825E9D7010034E933 /* Views */ = {
			isa = PBXGroup;
			children = (
				FBBC2C4C25E9E02B0034E933 /* Movie.storyboard */,
			);
			path = Views;
			sourceTree = "<group>";
		};
		FBEC45A525E09910006E467A = {
			isa = PBXGroup;
			children = (
				FBEC45B025E09910006E467A /* Sesion14 */,
				FBEC45AF25E09910006E467A /* Products */,
			);
			sourceTree = "<group>";
		};
		FBEC45AF25E09910006E467A /* Products */ = {
			isa = PBXGroup;
			children = (
				FBEC45AE25E09910006E467A /* Sesion14.app */,
			);
			name = Products;
			sourceTree = "<group>";
		};
		FBEC45B025E09910006E467A /* Sesion14 */ = {
			isa = PBXGroup;
			children = (
				FBEE7EBA25E48C20009CD288 /* Core */,
				FBBC2C3625E9D6F20034E933 /* iPhone */,
				FBBC2C3525E9D6EC0034E933 /* BE */,
				FBBC2C3425E9D6E50034E933 /* BL */,
				FBBC2C3325E9D6DE0034E933 /* WS */,
				FBEC45B125E09910006E467A /* AppDelegate.swift */,
				FBEC45B325E09910006E467A /* SceneDelegate.swift */,
				FBEC45BA25E09914006E467A /* Assets.xcassets */,
				FBEC45BC25E09914006E467A /* LaunchScreen.storyboard */,
				FBEC45BF25E09914006E467A /* Info.plist */,
			);
			path = Sesion14;
			sourceTree = "<group>";
		};
		FBEE7EBA25E48C20009CD288 /* Core */ = {
			isa = PBXGroup;
			children = (
				FBEC45C625E0993A006E467A /* DateManager.swift */,
				FBEC45C925E0A335006E467A /* ImageDownloader.swift */,
				FBEE7EBB25E48C3F009CD288 /* WebServiceManager.swift */,
				FBBC2C3F25E9DB6F0034E933 /* Closures.swift */,
			);
			path = Core;
			sourceTree = "<group>";
		};
/* End PBXGroup section */

/* Begin PBXNativeTarget section */
		FBEC45AD25E09910006E467A /* Sesion14 */ = {
			isa = PBXNativeTarget;
			buildConfigurationList = FBEC45C225E09914006E467A /* Build configuration list for PBXNativeTarget "Sesion14" */;
			buildPhases = (
				FBEC45AA25E09910006E467A /* Sources */,
				FBEC45AB25E09910006E467A /* Frameworks */,
				FBEC45AC25E09910006E467A /* Resources */,
			);
			buildRules = (
			);
			dependencies = (
			);
			name = Sesion14;
			productName = Sesion13;
			productReference = FBEC45AE25E09910006E467A /* Sesion14.app */;
			productType = "com.apple.product-type.application";
		};
/* End PBXNativeTarget section */

/* Begin PBXProject section */
		FBEC45A625E09910006E467A /* Project object */ = {
			isa = PBXProject;
			attributes = {
				LastSwiftUpdateCheck = 1240;
				LastUpgradeCheck = 1240;
				TargetAttributes = {
					FBEC45AD25E09910006E467A = {
						CreatedOnToolsVersion = 12.4;
					};
				};
			};
			buildConfigurationList = FBEC45A925E09910006E467A /* Build configuration list for PBXProject "Sesion14" */;
			compatibilityVersion = "Xcode 9.3";
			developmentRegion = en;
			hasScannedForEncodings = 0;
			knownRegions = (
				en,
				Base,
			);
			mainGroup = FBEC45A525E09910006E467A;
			productRefGroup = FBEC45AF25E09910006E467A /* Products */;
			projectDirPath = "";
			projectRoot = "";
			targets = (
				FBEC45AD25E09910006E467A /* Sesion14 */,
			);
		};
/* End PBXProject section */

/* Begin PBXResourcesBuildPhase section */
		FBEC45AC25E09910006E467A /* Resources */ = {
			isa = PBXResourcesBuildPhase;
			buildActionMask = 2147483647;
			files = (
				FBEC45BE25E09914006E467A /* LaunchScreen.storyboard in Resources */,
				FBBC2C4D25E9E02B0034E933 /* Movie.storyboard in Resources */,
				FBEC45BB25E09914006E467A /* Assets.xcassets in Resources */,
			);
			runOnlyForDeploymentPostprocessing = 0;
		};
/* End PBXResourcesBuildPhase section */

/* Begin PBXSourcesBuildPhase section */
		FBEC45AA25E09910006E467A /* Sources */ = {
			isa = PBXSourcesBuildPhase;
			buildActionMask = 2147483647;
			files = (
				FBEC45CA25E0A335006E467A /* ImageDownloader.swift in Sources */,
				FBBC2C4725E9DDCE0034E933 /* MoviesViewController.swift in Sources */,
				FBBC2C4025E9DB6F0034E933 /* Closures.swift in Sources */,
				FBBC2C3D25E9D9DC0034E933 /* MovieWS.swift in Sources */,
				FBBC2C4325E9DCF40034E933 /* MovieBL.swift in Sources */,
				FBBC2C3A25E9D74A0034E933 /* MovieBE.swift in Sources */,
				FBEE7EBC25E48C3F009CD288 /* WebServiceManager.swift in Sources */,
				FBEC45C725E0993A006E467A /* DateManager.swift in Sources */,
				FBEC45B225E09910006E467A /* AppDelegate.swift in Sources */,
				FBBC2C4A25E9DDE60034E933 /* MovieTableViewCell.swift in Sources */,
				FBEC45B425E09910006E467A /* SceneDelegate.swift in Sources */,
			);
			runOnlyForDeploymentPostprocessing = 0;
		};
/* End PBXSourcesBuildPhase section */

/* Begin PBXVariantGroup section */
		FBEC45BC25E09914006E467A /* LaunchScreen.storyboard */ = {
			isa = PBXVariantGroup;
			children = (
				FBEC45BD25E09914006E467A /* Base */,
			);
			name = LaunchScreen.storyboard;
			sourceTree = "<group>";
		};
/* End PBXVariantGroup section */

/* Begin XCBuildConfiguration section */
		FBEC45C025E09914006E467A /* Debug */ = {
			isa = XCBuildConfiguration;
			buildSettings = {
				ALWAYS_SEARCH_USER_PATHS = NO;
				CLANG_ANALYZER_NONNULL = YES;
				CLANG_ANALYZER_NUMBER_OBJECT_CONVERSION = YES_AGGRESSIVE;
				CLANG_CXX_LANGUAGE_STANDARD = "gnu++14";
				CLANG_CXX_LIBRARY = "libc++";
				CLANG_ENABLE_MODULES = YES;
				CLANG_ENABLE_OBJC_ARC = YES;
				CLANG_ENABLE_OBJC_WEAK = YES;
				CLANG_WARN_BLOCK_CAPTURE_AUTORELEASING = YES;
				CLANG_WARN_BOOL_CONVERSION = YES;
				CLANG_WARN_COMMA = YES;
				CLANG_WARN_CONSTANT_CONVERSION = YES;
				CLANG_WARN_DEPRECATED_OBJC_IMPLEMENTATIONS = YES;
				CLANG_WARN_DIRECT_OBJC_ISA_USAGE = YES_ERROR;
				CLANG_WARN_DOCUMENTATION_COMMENTS = YES;
				CLANG_WARN_EMPTY_BODY = YES;
				CLANG_WARN_ENUM_CONVERSION = YES;
				CLANG_WARN_INFINITE_RECURSION = YES;
				CLANG_WARN_INT_CONVERSION = YES;
				CLANG_WARN_NON_LITERAL_NULL_CONVERSION = YES;
				CLANG_WARN_OBJC_IMPLICIT_RETAIN_SELF = YES;
				CLANG_WARN_OBJC_LITERAL_CONVERSION = YES;
				CLANG_WARN_OBJC_ROOT_CLASS = YES_ERROR;
				CLANG_WARN_QUOTED_INCLUDE_IN_FRAMEWORK_HEADER = YES;
				CLANG_WARN_RANGE_LOOP_ANALYSIS = YES;
				CLANG_WARN_STRICT_PROTOTYPES = YES;
				CLANG_WARN_SUSPICIOUS_MOVE = YES;
				CLANG_WARN_UNGUARDED_AVAILABILITY = YES_AGGRESSIVE;
				CLANG_WARN_UNREACHABLE_CODE = YES;
				CLANG_WARN__DUPLICATE_METHOD_MATCH = YES;
				COPY_PHASE_STRIP = NO;
				DEBUG_INFORMATION_FORMAT = dwarf;
				ENABLE_STRICT_OBJC_MSGSEND = YES;
				ENABLE_TESTABILITY = YES;
				GCC_C_LANGUAGE_STANDARD = gnu11;
				GCC_DYNAMIC_NO_PIC = NO;
				GCC_NO_COMMON_BLOCKS = YES;
				GCC_OPTIMIZATION_LEVEL = 0;
				GCC_PREPROCESSOR_DEFINITIONS = (
					"DEBUG=1",
					"$(inherited)",
				);
				GCC_WARN_64_TO_32_BIT_CONVERSION = YES;
				GCC_WARN_ABOUT_RETURN_TYPE = YES_ERROR;
				GCC_WARN_UNDECLARED_SELECTOR = YES;
				GCC_WARN_UNINITIALIZED_AUTOS = YES_AGGRESSIVE;
				GCC_WARN_UNUSED_FUNCTION = YES;
				GCC_WARN_UNUSED_VARIABLE = YES;
				IPHONEOS_DEPLOYMENT_TARGET = 14.4;
				MTL_ENABLE_DEBUG_INFO = INCLUDE_SOURCE;
				MTL_FAST_MATH = YES;
				ONLY_ACTIVE_ARCH = YES;
				SDKROOT = iphoneos;
				SWIFT_ACTIVE_COMPILATION_CONDITIONS = DEBUG;
				SWIFT_OPTIMIZATION_LEVEL = "-Onone";
			};
			name = Debug;
		};
		FBEC45C125E09914006E467A /* Release */ = {
			isa = XCBuildConfiguration;
			buildSettings = {
				ALWAYS_SEARCH_USER_PATHS = NO;
				CLANG_ANALYZER_NONNULL = YES;
				CLANG_ANALYZER_NUMBER_OBJECT_CONVERSION = YES_AGGRESSIVE;
				CLANG_CXX_LANGUAGE_STANDARD = "gnu++14";
				CLANG_CXX_LIBRARY = "libc++";
				CLANG_ENABLE_MODULES = YES;
				CLANG_ENABLE_OBJC_ARC = YES;
				CLANG_ENABLE_OBJC_WEAK = YES;
				CLANG_WARN_BLOCK_CAPTURE_AUTORELEASING = YES;
				CLANG_WARN_BOOL_CONVERSION = YES;
				CLANG_WARN_COMMA = YES;
				CLANG_WARN_CONSTANT_CONVERSION = YES;
				CLANG_WARN_DEPRECATED_OBJC_IMPLEMENTATIONS = YES;
				CLANG_WARN_DIRECT_OBJC_ISA_USAGE = YES_ERROR;
				CLANG_WARN_DOCUMENTATION_COMMENTS = YES;
				CLANG_WARN_EMPTY_BODY = YES;
				CLANG_WARN_ENUM_CONVERSION = YES;
				CLANG_WARN_INFINITE_RECURSION = YES;
				CLANG_WARN_INT_CONVERSION = YES;
				CLANG_WARN_NON_LITERAL_NULL_CONVERSION = YES;
				CLANG_WARN_OBJC_IMPLICIT_RETAIN_SELF = YES;
				CLANG_WARN_OBJC_LITERAL_CONVERSION = YES;
				CLANG_WARN_OBJC_ROOT_CLASS = YES_ERROR;
				CLANG_WARN_QUOTED_INCLUDE_IN_FRAMEWORK_HEADER = YES;
				CLANG_WARN_RANGE_LOOP_ANALYSIS = YES;
				CLANG_WARN_STRICT_PROTOTYPES = YES;
				CLANG_WARN_SUSPICIOUS_MOVE = YES;
				CLANG_WARN_UNGUARDED_AVAILABILITY = YES_AGGRESSIVE;
				CLANG_WARN_UNREACHABLE_CODE = YES;
				CLANG_WARN__DUPLICATE_METHOD_MATCH = YES;
				COPY_PHASE_STRIP = NO;
				DEBUG_INFORMATION_FORMAT = "dwarf-with-dsym";
				ENABLE_NS_ASSERTIONS = NO;
				ENABLE_STRICT_OBJC_MSGSEND = YES;
				GCC_C_LANGUAGE_STANDARD = gnu11;
				GCC_NO_COMMON_BLOCKS = YES;
				GCC_WARN_64_TO_32_BIT_CONVERSION = YES;
				GCC_WARN_ABOUT_RETURN_TYPE = YES_ERROR;
				GCC_WARN_UNDECLARED_SELECTOR = YES;
				GCC_WARN_UNINITIALIZED_AUTOS = YES_AGGRESSIVE;
				GCC_WARN_UNUSED_FUNCTION = YES;
				GCC_WARN_UNUSED_VARIABLE = YES;
				IPHONEOS_DEPLOYMENT_TARGET = 14.4;
				MTL_ENABLE_DEBUG_INFO = NO;
				MTL_FAST_MATH = YES;
				SDKROOT = iphoneos;
				SWIFT_COMPILATION_MODE = wholemodule;
				SWIFT_OPTIMIZATION_LEVEL = "-O";
				VALIDATE_PRODUCT = YES;
			};
			name = Release;
		};
		FBEC45C325E09914006E467A /* Debug */ = {
			isa = XCBuildConfiguration;
			buildSettings = {
				ASSETCATALOG_COMPILER_APPICON_NAME = AppIcon;
				ASSETCATALOG_COMPILER_GLOBAL_ACCENT_COLOR_NAME = AccentColor;
				CODE_SIGN_STYLE = Automatic;
				INFOPLIST_FILE = Sesion14/Info.plist;
				LD_RUNPATH_SEARCH_PATHS = (
					"$(inherited)",
					"@executable_path/Frameworks",
				);
				PRODUCT_BUNDLE_IDENTIFIER = com.solera.Sesion13;
				PRODUCT_NAME = "$(TARGET_NAME)";
				SWIFT_VERSION = 5.0;
				TARGETED_DEVICE_FAMILY = "1,2";
			};
			name = Debug;
		};
		FBEC45C425E09914006E467A /* Release */ = {
			isa = XCBuildConfiguration;
			buildSettings = {
				ASSETCATALOG_COMPILER_APPICON_NAME = AppIcon;
				ASSETCATALOG_COMPILER_GLOBAL_ACCENT_COLOR_NAME = AccentColor;
				CODE_SIGN_STYLE = Automatic;
				INFOPLIST_FILE = Sesion14/Info.plist;
				LD_RUNPATH_SEARCH_PATHS = (
					"$(inherited)",
					"@executable_path/Frameworks",
				);
				PRODUCT_BUNDLE_IDENTIFIER = com.solera.Sesion13;
				PRODUCT_NAME = "$(TARGET_NAME)";
				SWIFT_VERSION = 5.0;
				TARGETED_DEVICE_FAMILY = "1,2";
			};
			name = Release;
		};
/* End XCBuildConfiguration section */

/* Begin XCConfigurationList section */
		FBEC45A925E09910006E467A /* Build configuration list for PBXProject "Sesion14" */ = {
			isa = XCConfigurationList;
			buildConfigurations = (
				FBEC45C025E09914006E467A /* Debug */,
				FBEC45C125E09914006E467A /* Release */,
			);
			defaultConfigurationIsVisible = 0;
			defaultConfigurationName = Release;
		};
		FBEC45C225E09914006E467A /* Build configuration list for PBXNativeTarget "Sesion14" */ = {
			isa = XCConfigurationList;
			buildConfigurations = (
				FBEC45C325E09914006E467A /* Debug */,
				FBEC45C425E09914006E467A /* Release */,
			);
			defaultConfigurationIsVisible = 0;
			defaultConfigurationName = Release;
		};
/* End XCConfigurationList section */
	};
	rootObject = FBEC45A625E09910006E467A /* Project object */;
}
